// !$*UTF8*$!
{
	archiveVersion = 1;
	classes = {
	};
	objectVersion = 46;
	objects = {

/* Begin PBXBuildFile section */
		752203D915AF59F900F831F7 /* definition.cpp in Sources */ = {isa = PBXBuildFile; fileRef = 752203D115AF59BC00F831F7 /* definition.cpp */; };
		752203DA15AF59F900F831F7 /* main.cpp in Sources */ = {isa = PBXBuildFile; fileRef = 752203D315AF59BC00F831F7 /* main.cpp */; };
		752203DB15AF59F900F831F7 /* parser.cpp in Sources */ = {isa = PBXBuildFile; fileRef = 752203D415AF59BC00F831F7 /* parser.cpp */; };
		752203DC15AF59F900F831F7 /* utils.cpp in Sources */ = {isa = PBXBuildFile; fileRef = 752203D715AF59BC00F831F7 /* utils.cpp */; };
		7522042715AF70CB00F831F7 /* re2tags.cpp in Sources */ = {isa = PBXBuildFile; fileRef = 7522042615AF70CB00F831F7 /* re2tags.cpp */; };
		7522042C15AF8B5A00F831F7 /* json_reader.cpp in Sources */ = {isa = PBXBuildFile; fileRef = 7522042915AF8B5A00F831F7 /* json_reader.cpp */; };
		7522042D15AF8B5A00F831F7 /* json_value.cpp in Sources */ = {isa = PBXBuildFile; fileRef = 7522042A15AF8B5A00F831F7 /* json_value.cpp */; };
		7522042E15AF8B5A00F831F7 /* json_writer.cpp in Sources */ = {isa = PBXBuildFile; fileRef = 7522042B15AF8B5A00F831F7 /* json_writer.cpp */; };
		7522044C15B04F1E00F831F7 /* bitstate.cc in Sources */ = {isa = PBXBuildFile; fileRef = 7522043915B04F1D00F831F7 /* bitstate.cc */; };
		7522044D15B04F1E00F831F7 /* compile.cc in Sources */ = {isa = PBXBuildFile; fileRef = 7522043A15B04F1D00F831F7 /* compile.cc */; };
		7522044E15B04F1E00F831F7 /* dfa.cc in Sources */ = {isa = PBXBuildFile; fileRef = 7522043B15B04F1D00F831F7 /* dfa.cc */; };
		7522044F15B04F1E00F831F7 /* filtered_re2.cc in Sources */ = {isa = PBXBuildFile; fileRef = 7522043C15B04F1D00F831F7 /* filtered_re2.cc */; };
		7522045015B04F1E00F831F7 /* mimics_pcre.cc in Sources */ = {isa = PBXBuildFile; fileRef = 7522043D15B04F1D00F831F7 /* mimics_pcre.cc */; };
		7522045115B04F1E00F831F7 /* nfa.cc in Sources */ = {isa = PBXBuildFile; fileRef = 7522043E15B04F1D00F831F7 /* nfa.cc */; };
		7522045215B04F1E00F831F7 /* onepass.cc in Sources */ = {isa = PBXBuildFile; fileRef = 7522043F15B04F1D00F831F7 /* onepass.cc */; };
		7522045315B04F1E00F831F7 /* parse.cc in Sources */ = {isa = PBXBuildFile; fileRef = 7522044015B04F1D00F831F7 /* parse.cc */; };
		7522045415B04F1E00F831F7 /* perl_groups.cc in Sources */ = {isa = PBXBuildFile; fileRef = 7522044115B04F1D00F831F7 /* perl_groups.cc */; };
		7522045515B04F1E00F831F7 /* prefilter_tree.cc in Sources */ = {isa = PBXBuildFile; fileRef = 7522044215B04F1D00F831F7 /* prefilter_tree.cc */; };
		7522045615B04F1E00F831F7 /* prefilter.cc in Sources */ = {isa = PBXBuildFile; fileRef = 7522044315B04F1D00F831F7 /* prefilter.cc */; };
		7522045715B04F1E00F831F7 /* prog.cc in Sources */ = {isa = PBXBuildFile; fileRef = 7522044415B04F1D00F831F7 /* prog.cc */; };
		7522045815B04F1E00F831F7 /* re2.cc in Sources */ = {isa = PBXBuildFile; fileRef = 7522044515B04F1E00F831F7 /* re2.cc */; };
		7522045915B04F1E00F831F7 /* regexp.cc in Sources */ = {isa = PBXBuildFile; fileRef = 7522044615B04F1E00F831F7 /* regexp.cc */; };
		7522045A15B04F1E00F831F7 /* set.cc in Sources */ = {isa = PBXBuildFile; fileRef = 7522044715B04F1E00F831F7 /* set.cc */; };
		7522045B15B04F1E00F831F7 /* simplify.cc in Sources */ = {isa = PBXBuildFile; fileRef = 7522044815B04F1E00F831F7 /* simplify.cc */; };
		7522045C15B04F1E00F831F7 /* tostring.cc in Sources */ = {isa = PBXBuildFile; fileRef = 7522044915B04F1E00F831F7 /* tostring.cc */; };
		7522045D15B04F1E00F831F7 /* unicode_casefold.cc in Sources */ = {isa = PBXBuildFile; fileRef = 7522044A15B04F1E00F831F7 /* unicode_casefold.cc */; };
		7522045E15B04F1E00F831F7 /* unicode_groups.cc in Sources */ = {isa = PBXBuildFile; fileRef = 7522044B15B04F1E00F831F7 /* unicode_groups.cc */; };
		7522046615B0597F00F831F7 /* arena.cc in Sources */ = {isa = PBXBuildFile; fileRef = 7522045F15B0597E00F831F7 /* arena.cc */; };
		7522046715B0597F00F831F7 /* hash.cc in Sources */ = {isa = PBXBuildFile; fileRef = 7522046015B0597F00F831F7 /* hash.cc */; };
		7522046815B0597F00F831F7 /* rune.cc in Sources */ = {isa = PBXBuildFile; fileRef = 7522046115B0597F00F831F7 /* rune.cc */; };
		7522046915B0597F00F831F7 /* stringpiece.cc in Sources */ = {isa = PBXBuildFile; fileRef = 7522046215B0597F00F831F7 /* stringpiece.cc */; };
		7522046A15B0597F00F831F7 /* stringprintf.cc in Sources */ = {isa = PBXBuildFile; fileRef = 7522046315B0597F00F831F7 /* stringprintf.cc */; };
		7522046B15B0597F00F831F7 /* strutil.cc in Sources */ = {isa = PBXBuildFile; fileRef = 7522046415B0597F00F831F7 /* strutil.cc */; };
		7522046C15B0597F00F831F7 /* valgrind.cc in Sources */ = {isa = PBXBuildFile; fileRef = 7522046515B0597F00F831F7 /* valgrind.cc */; };
/* End PBXBuildFile section */

/* Begin PBXCopyFilesBuildPhase section */
		752203BC15AF598300F831F7 /* CopyFiles */ = {
			isa = PBXCopyFilesBuildPhase;
			buildActionMask = 2147483647;
			dstPath = /usr/share/man/man1/;
			dstSubfolderSpec = 0;
			files = (
			);
			runOnlyForDeploymentPostprocessing = 1;
		};
/* End PBXCopyFilesBuildPhase section */

/* Begin PBXFileReference section */
		752203BE15AF598300F831F7 /* re2tags */ = {isa = PBXFileReference; explicitFileType = "compiled.mach-o.executable"; includeInIndex = 0; path = re2tags; sourceTree = BUILT_PRODUCTS_DIR; };
		752203D115AF59BC00F831F7 /* definition.cpp */ = {isa = PBXFileReference; lastKnownFileType = sourcecode.cpp.cpp; path = definition.cpp; sourceTree = "<group>"; };
		752203D215AF59BC00F831F7 /* definition.hpp */ = {isa = PBXFileReference; lastKnownFileType = sourcecode.cpp.h; path = definition.hpp; sourceTree = "<group>"; };
		752203D315AF59BC00F831F7 /* main.cpp */ = {isa = PBXFileReference; lastKnownFileType = sourcecode.cpp.cpp; path = main.cpp; sourceTree = "<group>"; };
		752203D415AF59BC00F831F7 /* parser.cpp */ = {isa = PBXFileReference; lastKnownFileType = sourcecode.cpp.cpp; path = parser.cpp; sourceTree = "<group>"; };
		752203D515AF59BC00F831F7 /* parser.hpp */ = {isa = PBXFileReference; lastKnownFileType = sourcecode.cpp.h; path = parser.hpp; sourceTree = "<group>"; };
		752203D615AF59BC00F831F7 /* tag.hpp */ = {isa = PBXFileReference; lastKnownFileType = sourcecode.cpp.h; path = tag.hpp; sourceTree = "<group>"; };
		752203D715AF59BC00F831F7 /* utils.cpp */ = {isa = PBXFileReference; lastKnownFileType = sourcecode.cpp.cpp; path = utils.cpp; sourceTree = "<group>"; };
		752203D815AF59BC00F831F7 /* utils.hpp */ = {isa = PBXFileReference; lastKnownFileType = sourcecode.cpp.h; path = utils.hpp; sourceTree = "<group>"; };
		752203E415AF5B1600F831F7 /* filtered_re2.h */ = {isa = PBXFileReference; lastKnownFileType = sourcecode.c.h; path = filtered_re2.h; sourceTree = "<group>"; };
		752203EF15AF5B1600F831F7 /* prefilter.h */ = {isa = PBXFileReference; lastKnownFileType = sourcecode.c.h; path = prefilter.h; sourceTree = "<group>"; };
		752203F115AF5B1600F831F7 /* prefilter_tree.h */ = {isa = PBXFileReference; lastKnownFileType = sourcecode.c.h; path = prefilter_tree.h; sourceTree = "<group>"; };
		752203F315AF5B1600F831F7 /* prog.h */ = {isa = PBXFileReference; lastKnownFileType = sourcecode.c.h; path = prog.h; sourceTree = "<group>"; };
		752203F515AF5B1600F831F7 /* re2.h */ = {isa = PBXFileReference; lastKnownFileType = sourcecode.c.h; path = re2.h; sourceTree = "<group>"; };
		752203F715AF5B1600F831F7 /* regexp.h */ = {isa = PBXFileReference; lastKnownFileType = sourcecode.c.h; path = regexp.h; sourceTree = "<group>"; };
		752203F915AF5B1600F831F7 /* set.h */ = {isa = PBXFileReference; lastKnownFileType = sourcecode.c.h; path = set.h; sourceTree = "<group>"; };
		752203FB15AF5B1600F831F7 /* stringpiece.h */ = {isa = PBXFileReference; lastKnownFileType = sourcecode.c.h; path = stringpiece.h; sourceTree = "<group>"; };
		7522042115AF5B1600F831F7 /* unicode_casefold.h */ = {isa = PBXFileReference; lastKnownFileType = sourcecode.c.h; path = unicode_casefold.h; sourceTree = "<group>"; };
		7522042315AF5B1600F831F7 /* unicode_groups.h */ = {isa = PBXFileReference; lastKnownFileType = sourcecode.c.h; path = unicode_groups.h; sourceTree = "<group>"; };
		7522042415AF5B1600F831F7 /* variadic_function.h */ = {isa = PBXFileReference; lastKnownFileType = sourcecode.c.h; path = variadic_function.h; sourceTree = "<group>"; };
		7522042515AF5B1600F831F7 /* walker-inl.h */ = {isa = PBXFileReference; lastKnownFileType = sourcecode.c.h; path = "walker-inl.h"; sourceTree = "<group>"; };
		7522042615AF70CB00F831F7 /* re2tags.cpp */ = {isa = PBXFileReference; fileEncoding = 4; lastKnownFileType = sourcecode.cpp.cpp; path = re2tags.cpp; sourceTree = "<group>"; };
		7522042815AF70E500F831F7 /* re2tags.hpp */ = {isa = PBXFileReference; lastKnownFileType = sourcecode.cpp.h; path = re2tags.hpp; sourceTree = "<group>"; };
		7522042915AF8B5A00F831F7 /* json_reader.cpp */ = {isa = PBXFileReference; fileEncoding = 4; lastKnownFileType = sourcecode.cpp.cpp; name = json_reader.cpp; path = "../dependencies/jsoncpp-src-0.5.0/src/lib_json/json_reader.cpp"; sourceTree = "<group>"; };
		7522042A15AF8B5A00F831F7 /* json_value.cpp */ = {isa = PBXFileReference; fileEncoding = 4; lastKnownFileType = sourcecode.cpp.cpp; name = json_value.cpp; path = "../dependencies/jsoncpp-src-0.5.0/src/lib_json/json_value.cpp"; sourceTree = "<group>"; };
		7522042B15AF8B5A00F831F7 /* json_writer.cpp */ = {isa = PBXFileReference; fileEncoding = 4; lastKnownFileType = sourcecode.cpp.cpp; name = json_writer.cpp; path = "../dependencies/jsoncpp-src-0.5.0/src/lib_json/json_writer.cpp"; sourceTree = "<group>"; };
		7522043915B04F1D00F831F7 /* bitstate.cc */ = {isa = PBXFileReference; fileEncoding = 4; lastKnownFileType = sourcecode.cpp.cpp; path = bitstate.cc; sourceTree = "<group>"; };
		7522043A15B04F1D00F831F7 /* compile.cc */ = {isa = PBXFileReference; fileEncoding = 4; lastKnownFileType = sourcecode.cpp.cpp; path = compile.cc; sourceTree = "<group>"; };
		7522043B15B04F1D00F831F7 /* dfa.cc */ = {isa = PBXFileReference; fileEncoding = 4; lastKnownFileType = sourcecode.cpp.cpp; path = dfa.cc; sourceTree = "<group>"; };
		7522043C15B04F1D00F831F7 /* filtered_re2.cc */ = {isa = PBXFileReference; fileEncoding = 4; lastKnownFileType = sourcecode.cpp.cpp; path = filtered_re2.cc; sourceTree = "<group>"; };
		7522043D15B04F1D00F831F7 /* mimics_pcre.cc */ = {isa = PBXFileReference; fileEncoding = 4; lastKnownFileType = sourcecode.cpp.cpp; path = mimics_pcre.cc; sourceTree = "<group>"; };
		7522043E15B04F1D00F831F7 /* nfa.cc */ = {isa = PBXFileReference; fileEncoding = 4; lastKnownFileType = sourcecode.cpp.cpp; path = nfa.cc; sourceTree = "<group>"; };
		7522043F15B04F1D00F831F7 /* onepass.cc */ = {isa = PBXFileReference; fileEncoding = 4; lastKnownFileType = sourcecode.cpp.cpp; path = onepass.cc; sourceTree = "<group>"; };
		7522044015B04F1D00F831F7 /* parse.cc */ = {isa = PBXFileReference; fileEncoding = 4; lastKnownFileType = sourcecode.cpp.cpp; path = parse.cc; sourceTree = "<group>"; };
		7522044115B04F1D00F831F7 /* perl_groups.cc */ = {isa = PBXFileReference; fileEncoding = 4; lastKnownFileType = sourcecode.cpp.cpp; path = perl_groups.cc; sourceTree = "<group>"; };
		7522044215B04F1D00F831F7 /* prefilter_tree.cc */ = {isa = PBXFileReference; fileEncoding = 4; lastKnownFileType = sourcecode.cpp.cpp; path = prefilter_tree.cc; sourceTree = "<group>"; };
		7522044315B04F1D00F831F7 /* prefilter.cc */ = {isa = PBXFileReference; fileEncoding = 4; lastKnownFileType = sourcecode.cpp.cpp; path = prefilter.cc; sourceTree = "<group>"; };
		7522044415B04F1D00F831F7 /* prog.cc */ = {isa = PBXFileReference; fileEncoding = 4; lastKnownFileType = sourcecode.cpp.cpp; path = prog.cc; sourceTree = "<group>"; };
		7522044515B04F1E00F831F7 /* re2.cc */ = {isa = PBXFileReference; fileEncoding = 4; lastKnownFileType = sourcecode.cpp.cpp; path = re2.cc; sourceTree = "<group>"; };
		7522044615B04F1E00F831F7 /* regexp.cc */ = {isa = PBXFileReference; fileEncoding = 4; lastKnownFileType = sourcecode.cpp.cpp; path = regexp.cc; sourceTree = "<group>"; };
		7522044715B04F1E00F831F7 /* set.cc */ = {isa = PBXFileReference; fileEncoding = 4; lastKnownFileType = sourcecode.cpp.cpp; path = set.cc; sourceTree = "<group>"; };
		7522044815B04F1E00F831F7 /* simplify.cc */ = {isa = PBXFileReference; fileEncoding = 4; lastKnownFileType = sourcecode.cpp.cpp; path = simplify.cc; sourceTree = "<group>"; };
		7522044915B04F1E00F831F7 /* tostring.cc */ = {isa = PBXFileReference; fileEncoding = 4; lastKnownFileType = sourcecode.cpp.cpp; path = tostring.cc; sourceTree = "<group>"; };
		7522044A15B04F1E00F831F7 /* unicode_casefold.cc */ = {isa = PBXFileReference; fileEncoding = 4; lastKnownFileType = sourcecode.cpp.cpp; path = unicode_casefold.cc; sourceTree = "<group>"; };
		7522044B15B04F1E00F831F7 /* unicode_groups.cc */ = {isa = PBXFileReference; fileEncoding = 4; lastKnownFileType = sourcecode.cpp.cpp; path = unicode_groups.cc; sourceTree = "<group>"; };
		7522045F15B0597E00F831F7 /* arena.cc */ = {isa = PBXFileReference; fileEncoding = 4; lastKnownFileType = sourcecode.cpp.cpp; name = arena.cc; path = ../dependencies/re2/util/arena.cc; sourceTree = "<group>"; };
		7522046015B0597F00F831F7 /* hash.cc */ = {isa = PBXFileReference; fileEncoding = 4; lastKnownFileType = sourcecode.cpp.cpp; name = hash.cc; path = ../dependencies/re2/util/hash.cc; sourceTree = "<group>"; };
		7522046115B0597F00F831F7 /* rune.cc */ = {isa = PBXFileReference; fileEncoding = 4; lastKnownFileType = sourcecode.cpp.cpp; name = rune.cc; path = ../dependencies/re2/util/rune.cc; sourceTree = "<group>"; };
		7522046215B0597F00F831F7 /* stringpiece.cc */ = {isa = PBXFileReference; fileEncoding = 4; lastKnownFileType = sourcecode.cpp.cpp; name = stringpiece.cc; path = ../dependencies/re2/util/stringpiece.cc; sourceTree = "<group>"; };
		7522046315B0597F00F831F7 /* stringprintf.cc */ = {isa = PBXFileReference; fileEncoding = 4; lastKnownFileType = sourcecode.cpp.cpp; name = stringprintf.cc; path = ../dependencies/re2/util/stringprintf.cc; sourceTree = "<group>"; };
		7522046415B0597F00F831F7 /* strutil.cc */ = {isa = PBXFileReference; fileEncoding = 4; lastKnownFileType = sourcecode.cpp.cpp; name = strutil.cc; path = ../dependencies/re2/util/strutil.cc; sourceTree = "<group>"; };
		7522046515B0597F00F831F7 /* valgrind.cc */ = {isa = PBXFileReference; fileEncoding = 4; lastKnownFileType = sourcecode.cpp.cpp; name = valgrind.cc; path = ../dependencies/re2/util/valgrind.cc; sourceTree = "<group>"; };
/* End PBXFileReference section */

/* Begin PBXFrameworksBuildPhase section */
		752203BB15AF598300F831F7 /* Frameworks */ = {
			isa = PBXFrameworksBuildPhase;
			buildActionMask = 2147483647;
			files = (
			);
			runOnlyForDeploymentPostprocessing = 0;
		};
/* End PBXFrameworksBuildPhase section */

/* Begin PBXGroup section */
		752203B315AF598200F831F7 = {
			isa = PBXGroup;
			children = (
				7522042915AF8B5A00F831F7 /* json_reader.cpp */,
				7522042A15AF8B5A00F831F7 /* json_value.cpp */,
				7522042B15AF8B5A00F831F7 /* json_writer.cpp */,
				7522045F15B0597E00F831F7 /* arena.cc */,
				7522046015B0597F00F831F7 /* hash.cc */,
				7522046115B0597F00F831F7 /* rune.cc */,
				7522046215B0597F00F831F7 /* stringpiece.cc */,
				7522046315B0597F00F831F7 /* stringprintf.cc */,
				7522046415B0597F00F831F7 /* strutil.cc */,
				7522046515B0597F00F831F7 /* valgrind.cc */,
				752203DF15AF5B1600F831F7 /* re2 */,
				752203D015AF59BC00F831F7 /* source */,
				752203BF15AF598300F831F7 /* Products */,
			);
			sourceTree = "<group>";
		};
		752203BF15AF598300F831F7 /* Products */ = {
			isa = PBXGroup;
			children = (
				752203BE15AF598300F831F7 /* re2tags */,
			);
			name = Products;
			sourceTree = "<group>";
		};
		752203D015AF59BC00F831F7 /* source */ = {
			isa = PBXGroup;
			children = (
				752203D115AF59BC00F831F7 /* definition.cpp */,
				752203D215AF59BC00F831F7 /* definition.hpp */,
				752203D315AF59BC00F831F7 /* main.cpp */,
				752203D415AF59BC00F831F7 /* parser.cpp */,
				752203D515AF59BC00F831F7 /* parser.hpp */,
				752203D615AF59BC00F831F7 /* tag.hpp */,
				752203D715AF59BC00F831F7 /* utils.cpp */,
				752203D815AF59BC00F831F7 /* utils.hpp */,
				7522042615AF70CB00F831F7 /* re2tags.cpp */,
				7522042815AF70E500F831F7 /* re2tags.hpp */,
			);
			name = source;
			path = ../source;
			sourceTree = "<group>";
		};
		752203DF15AF5B1600F831F7 /* re2 */ = {
			isa = PBXGroup;
			children = (
				7522043915B04F1D00F831F7 /* bitstate.cc */,
				7522043A15B04F1D00F831F7 /* compile.cc */,
				7522043B15B04F1D00F831F7 /* dfa.cc */,
				7522043C15B04F1D00F831F7 /* filtered_re2.cc */,
				7522043D15B04F1D00F831F7 /* mimics_pcre.cc */,
				7522043E15B04F1D00F831F7 /* nfa.cc */,
				7522043F15B04F1D00F831F7 /* onepass.cc */,
				7522044015B04F1D00F831F7 /* parse.cc */,
				7522044115B04F1D00F831F7 /* perl_groups.cc */,
				7522044215B04F1D00F831F7 /* prefilter_tree.cc */,
				7522044315B04F1D00F831F7 /* prefilter.cc */,
				7522044415B04F1D00F831F7 /* prog.cc */,
				7522044515B04F1E00F831F7 /* re2.cc */,
				7522044615B04F1E00F831F7 /* regexp.cc */,
				7522044715B04F1E00F831F7 /* set.cc */,
				7522044815B04F1E00F831F7 /* simplify.cc */,
				7522044915B04F1E00F831F7 /* tostring.cc */,
				7522044A15B04F1E00F831F7 /* unicode_casefold.cc */,
				7522044B15B04F1E00F831F7 /* unicode_groups.cc */,
				752203E415AF5B1600F831F7 /* filtered_re2.h */,
				752203EF15AF5B1600F831F7 /* prefilter.h */,
				752203F115AF5B1600F831F7 /* prefilter_tree.h */,
				752203F315AF5B1600F831F7 /* prog.h */,
				752203F515AF5B1600F831F7 /* re2.h */,
				752203F715AF5B1600F831F7 /* regexp.h */,
				752203F915AF5B1600F831F7 /* set.h */,
				752203FB15AF5B1600F831F7 /* stringpiece.h */,
				7522042115AF5B1600F831F7 /* unicode_casefold.h */,
				7522042315AF5B1600F831F7 /* unicode_groups.h */,
				7522042415AF5B1600F831F7 /* variadic_function.h */,
				7522042515AF5B1600F831F7 /* walker-inl.h */,
			);
			name = re2;
			path = ../dependencies/re2/re2;
			sourceTree = "<group>";
		};
/* End PBXGroup section */

/* Begin PBXNativeTarget section */
		752203BD15AF598300F831F7 /* re2tags */ = {
			isa = PBXNativeTarget;
			buildConfigurationList = 752203C815AF598300F831F7 /* Build configuration list for PBXNativeTarget "re2tags" */;
			buildPhases = (
				752203BA15AF598300F831F7 /* Sources */,
				752203BB15AF598300F831F7 /* Frameworks */,
				752203BC15AF598300F831F7 /* CopyFiles */,
			);
			buildRules = (
			);
			dependencies = (
			);
			name = re2tags;
			productName = re2tags;
			productReference = 752203BE15AF598300F831F7 /* re2tags */;
			productType = "com.apple.product-type.tool";
		};
/* End PBXNativeTarget section */

/* Begin PBXProject section */
		752203B515AF598200F831F7 /* Project object */ = {
			isa = PBXProject;
			attributes = {
				LastUpgradeCheck = 0430;
			};
			buildConfigurationList = 752203B815AF598200F831F7 /* Build configuration list for PBXProject "re2tags" */;
			compatibilityVersion = "Xcode 3.2";
			developmentRegion = English;
			hasScannedForEncodings = 0;
			knownRegions = (
				en,
			);
			mainGroup = 752203B315AF598200F831F7;
			productRefGroup = 752203BF15AF598300F831F7 /* Products */;
			projectDirPath = "";
			projectRoot = "";
			targets = (
				752203BD15AF598300F831F7 /* re2tags */,
			);
		};
/* End PBXProject section */

/* Begin PBXSourcesBuildPhase section */
		752203BA15AF598300F831F7 /* Sources */ = {
			isa = PBXSourcesBuildPhase;
			buildActionMask = 2147483647;
			files = (
				752203D915AF59F900F831F7 /* definition.cpp in Sources */,
				752203DA15AF59F900F831F7 /* main.cpp in Sources */,
				752203DB15AF59F900F831F7 /* parser.cpp in Sources */,
				752203DC15AF59F900F831F7 /* utils.cpp in Sources */,
				7522042715AF70CB00F831F7 /* re2tags.cpp in Sources */,
				7522042C15AF8B5A00F831F7 /* json_reader.cpp in Sources */,
				7522042D15AF8B5A00F831F7 /* json_value.cpp in Sources */,
				7522042E15AF8B5A00F831F7 /* json_writer.cpp in Sources */,
				7522044C15B04F1E00F831F7 /* bitstate.cc in Sources */,
				7522044D15B04F1E00F831F7 /* compile.cc in Sources */,
				7522044E15B04F1E00F831F7 /* dfa.cc in Sources */,
				7522044F15B04F1E00F831F7 /* filtered_re2.cc in Sources */,
				7522045015B04F1E00F831F7 /* mimics_pcre.cc in Sources */,
				7522045115B04F1E00F831F7 /* nfa.cc in Sources */,
				7522045215B04F1E00F831F7 /* onepass.cc in Sources */,
				7522045315B04F1E00F831F7 /* parse.cc in Sources */,
				7522045415B04F1E00F831F7 /* perl_groups.cc in Sources */,
				7522045515B04F1E00F831F7 /* prefilter_tree.cc in Sources */,
				7522045615B04F1E00F831F7 /* prefilter.cc in Sources */,
				7522045715B04F1E00F831F7 /* prog.cc in Sources */,
				7522045815B04F1E00F831F7 /* re2.cc in Sources */,
				7522045915B04F1E00F831F7 /* regexp.cc in Sources */,
				7522045A15B04F1E00F831F7 /* set.cc in Sources */,
				7522045B15B04F1E00F831F7 /* simplify.cc in Sources */,
				7522045C15B04F1E00F831F7 /* tostring.cc in Sources */,
				7522045D15B04F1E00F831F7 /* unicode_casefold.cc in Sources */,
				7522045E15B04F1E00F831F7 /* unicode_groups.cc in Sources */,
				7522046615B0597F00F831F7 /* arena.cc in Sources */,
				7522046715B0597F00F831F7 /* hash.cc in Sources */,
				7522046815B0597F00F831F7 /* rune.cc in Sources */,
				7522046915B0597F00F831F7 /* stringpiece.cc in Sources */,
				7522046A15B0597F00F831F7 /* stringprintf.cc in Sources */,
				7522046B15B0597F00F831F7 /* strutil.cc in Sources */,
				7522046C15B0597F00F831F7 /* valgrind.cc in Sources */,
			);
			runOnlyForDeploymentPostprocessing = 0;
		};
/* End PBXSourcesBuildPhase section */

/* Begin XCBuildConfiguration section */
		752203C615AF598300F831F7 /* Debug */ = {
			isa = XCBuildConfiguration;
			buildSettings = {
				ALWAYS_SEARCH_USER_PATHS = NO;
				ARCHS = "$(ARCHS_STANDARD_64_BIT)";
				COPY_PHASE_STRIP = NO;
				GCC_C_LANGUAGE_STANDARD = gnu99;
				GCC_DYNAMIC_NO_PIC = NO;
				GCC_ENABLE_OBJC_EXCEPTIONS = YES;
				GCC_OPTIMIZATION_LEVEL = 0;
				GCC_PREPROCESSOR_DEFINITIONS = (
					"DEBUG=1",
					"$(inherited)",
				);
				GCC_SYMBOLS_PRIVATE_EXTERN = NO;
				GCC_VERSION = com.apple.compilers.llvm.clang.1_0;
				GCC_WARN_64_TO_32_BIT_CONVERSION = YES;
				GCC_WARN_ABOUT_RETURN_TYPE = YES;
				GCC_WARN_UNINITIALIZED_AUTOS = YES;
				GCC_WARN_UNUSED_VARIABLE = YES;
				MACOSX_DEPLOYMENT_TARGET = 10.7;
				ONLY_ACTIVE_ARCH = YES;
				SDKROOT = macosx;
			};
			name = Debug;
		};
		752203C715AF598300F831F7 /* Release */ = {
			isa = XCBuildConfiguration;
			buildSettings = {
				ALWAYS_SEARCH_USER_PATHS = NO;
				ARCHS = "$(ARCHS_STANDARD_64_BIT)";
				COPY_PHASE_STRIP = YES;
				DEBUG_INFORMATION_FORMAT = "dwarf-with-dsym";
				GCC_C_LANGUAGE_STANDARD = gnu99;
				GCC_ENABLE_OBJC_EXCEPTIONS = YES;
				GCC_VERSION = com.apple.compilers.llvm.clang.1_0;
				GCC_WARN_64_TO_32_BIT_CONVERSION = YES;
				GCC_WARN_ABOUT_RETURN_TYPE = YES;
				GCC_WARN_UNINITIALIZED_AUTOS = YES;
				GCC_WARN_UNUSED_VARIABLE = YES;
				MACOSX_DEPLOYMENT_TARGET = 10.7;
				SDKROOT = macosx;
			};
			name = Release;
		};
		752203C915AF598300F831F7 /* Debug */ = {
			isa = XCBuildConfiguration;
			buildSettings = {
				HEADER_SEARCH_PATHS = (
					../dependencies/re2,
					../dependencies/re2/re2,
					"../dependencies/jsoncpp-src-0.5.0/include/json",
					"../dependencies/jsoncpp-src-0.5.0/src/lib_json",
					"../dependencies/jsoncpp-src-0.5.0/include",
				);
				LIBRARY_SEARCH_PATHS = (
					"$(inherited)",
					"\"$(SRCROOT)/../dependencies/re2/obj\"",
					"\"$(SRCROOT)/../dependencies/re2/obj/so\"",
				);
				PRODUCT_NAME = "$(TARGET_NAME)";
			};
			name = Debug;
		};
		752203CA15AF598300F831F7 /* Release */ = {
			isa = XCBuildConfiguration;
			buildSettings = {
				HEADER_SEARCH_PATHS = (
					../dependencies/re2,
					../dependencies/re2/re2,
					"../dependencies/jsoncpp-src-0.5.0/include/json",
					"../dependencies/jsoncpp-src-0.5.0/src/lib_json",
					"../dependencies/jsoncpp-src-0.5.0/include",
				);
				LIBRARY_SEARCH_PATHS = (
					"$(inherited)",
					"\"$(SRCROOT)/../dependencies/re2/obj\"",
					"\"$(SRCROOT)/../dependencies/re2/obj/so\"",
				);
				PRODUCT_NAME = "$(TARGET_NAME)";
			};
			name = Release;
		};
/* End XCBuildConfiguration section */

/* Begin XCConfigurationList section */
		752203B815AF598200F831F7 /* Build configuration list for PBXProject "re2tags" */ = {
			isa = XCConfigurationList;
			buildConfigurations = (
				752203C615AF598300F831F7 /* Debug */,
				752203C715AF598300F831F7 /* Release */,
			);
			defaultConfigurationIsVisible = 0;
			defaultConfigurationName = Release;
		};
		752203C815AF598300F831F7 /* Build configuration list for PBXNativeTarget "re2tags" */ = {
			isa = XCConfigurationList;
			buildConfigurations = (
				752203C915AF598300F831F7 /* Debug */,
				752203CA15AF598300F831F7 /* Release */,
			);
			defaultConfigurationIsVisible = 0;
			defaultConfigurationName = Release;
		};
/* End XCConfigurationList section */
	};
	rootObject = 752203B515AF598200F831F7 /* Project object */;
}
